
Microsoft Visual Studio Solution File, Format Version 12.00
# Visual Studio Version 16
VisualStudioVersion = 16.0.31313.79
MinimumVisualStudioVersion = 10.0.40219.1
Project("{FAE04EC0-301F-11D3-BF4B-00C04F79EFBC}") = "CabInvoiceGenerator", "CabInvoiceGenerator\CabInvoiceGenerator.csproj", "{F96773D1-C2E8-4285-9C1F-121D7ECE1A5C}"
EndProject
Global
	GlobalSection(SolutionConfigurationPlatforms) = preSolution
		Debug|Any CPU = Debug|Any CPU
		Release|Any CPU = Release|Any CPU
	EndGlobalSection
	GlobalSection(ProjectConfigurationPlatforms) = postSolution
		{F96773D1-C2E8-4285-9C1F-121D7ECE1A5C}.Debug|Any CPU.ActiveCfg = Debug|Any CPU
		{F96773D1-C2E8-4285-9C1F-121D7ECE1A5C}.Debug|Any CPU.Build.0 = Debug|Any CPU
		{F96773D1-C2E8-4285-9C1F-121D7ECE1A5C}.Release|Any CPU.ActiveCfg = Release|Any CPU
		{F96773D1-C2E8-4285-9C1F-121D7ECE1A5C}.Release|Any CPU.Build.0 = Release|Any CPU
	EndGlobalSection
	GlobalSection(SolutionProperties) = preSolution
		HideSolutionNode = FALSE
	EndGlobalSection
	GlobalSection(ExtensibilityGlobals) = postSolution
		SolutionGuid = {134C5DB7-70EB-404B-8B16-C101AF00C6FD}
	EndGlobalSection
EndGlobal
